
Microsoft Visual Studio Solution File, Format Version 12.00
# Visual Studio Version 17
VisualStudioVersion = 17.13.35931.197 d17.13
MinimumVisualStudioVersion = 10.0.40219.1
Project("{FAE04EC0-301F-11D3-BF4B-00C04F79EFBC}") = "MisProfesApp", "MisProfesApp.csproj", "{A2A73443-1236-4ACC-A8F7-5B0D65873EC2}"
EndProject
Global
	GlobalSection(SolutionConfigurationPlatforms) = preSolution
		Debug|Any CPU = Debug|Any CPU
		Release|Any CPU = Release|Any CPU
	EndGlobalSection
	GlobalSection(ProjectConfigurationPlatforms) = postSolution
		{A2A73443-1236-4ACC-A8F7-5B0D65873EC2}.Debug|Any CPU.ActiveCfg = Debug|Any CPU
		{A2A73443-1236-4ACC-A8F7-5B0D65873EC2}.Debug|Any CPU.Build.0 = Debug|Any CPU
		{A2A73443-1236-4ACC-A8F7-5B0D65873EC2}.Release|Any CPU.ActiveCfg = Release|Any CPU
		{A2A73443-1236-4ACC-A8F7-5B0D65873EC2}.Release|Any CPU.Build.0 = Release|Any CPU
	EndGlobalSection
	GlobalSection(SolutionProperties) = preSolution
		HideSolutionNode = FALSE
	EndGlobalSection
	GlobalSection(ExtensibilityGlobals) = postSolution
		SolutionGuid = {02A3AB79-A653-48D0-9B28-7DD24B47B9D5}
	EndGlobalSection
EndGlobal
